
Microsoft Visual Studio Solution File, Format Version 12.00
# Visual Studio Version 17
VisualStudioVersion = 17.14.36915.13 d17.14
MinimumVisualStudioVersion = 10.0.40219.1
Project("{8BC9CEB8-8B4A-11D0-8D11-00A0C91BC942}") = "Teeko-DMA-Lib", "Teeko-DMA-Lib\Teeko-DMA-Lib.vcxproj", "{DEFB02C3-B77B-45A3-A5A8-C7484D42EC18}"
EndProject
Global
	GlobalSection(SolutionConfigurationPlatforms) = preSolution
		Debug|x64 = Debug|x64
		Debug|x86 = Debug|x86
		Release|x64 = Release|x64
		Release|x86 = Release|x86
	EndGlobalSection
	GlobalSection(ProjectConfigurationPlatforms) = postSolution
		{DEFB02C3-B77B-45A3-A5A8-C7484D42EC18}.Debug|x64.ActiveCfg = Debug|x64
		{DEFB02C3-B77B-45A3-A5A8-C7484D42EC18}.Debug|x64.Build.0 = Debug|x64
		{DEFB02C3-B77B-45A3-A5A8-C7484D42EC18}.Debug|x86.ActiveCfg = Debug|Win32
		{DEFB02C3-B77B-45A3-A5A8-C7484D42EC18}.Debug|x86.Build.0 = Debug|Win32
		{DEFB02C3-B77B-45A3-A5A8-C7484D42EC18}.Release|x64.ActiveCfg = Release|x64
		{DEFB02C3-B77B-45A3-A5A8-C7484D42EC18}.Release|x64.Build.0 = Release|x64
		{DEFB02C3-B77B-45A3-A5A8-C7484D42EC18}.Release|x86.ActiveCfg = Release|Win32
		{DEFB02C3-B77B-45A3-A5A8-C7484D42EC18}.Release|x86.Build.0 = Release|Win32
	EndGlobalSection
	GlobalSection(SolutionProperties) = preSolution
		HideSolutionNode = FALSE
	EndGlobalSection
	GlobalSection(ExtensibilityGlobals) = postSolution
		SolutionGuid = {1B799D6E-DD95-423F-8F0E-D4EE214BAFB7}
	EndGlobalSection
EndGlobal
