<?xml version="1.0" encoding="utf-8"?>
<Project ToolsVersion="4.0" xmlns="http://schemas.microsoft.com/developer/msbuild/2003">
  <ItemGroup>
    <Filter Include="Source Files">
      <UniqueIdentifier>{4FC737F1-C7A5-4376-A066-2A32D752A2FF}</UniqueIdentifier>
      <Extensions>cpp;c;cc;cxx;c++;cppm;ixx;def;odl;idl;hpj;bat;asm;asmx</Extensions>
    </Filter>
    <Filter Include="Header Files">
      <UniqueIdentifier>{93995380-89BD-4b04-88EB-625FBE52EBFB}</UniqueIdentifier>
      <Extensions>h;hh;hpp;hxx;h++;hm;inl;inc;ipp;xsd</Extensions>
    </Filter>
    <Filter Include="Resource Files">
      <UniqueIdentifier>{67DA6AB6-F800-4c08-8B7A-83BB121AAD01}</UniqueIdentifier>
      <Extensions>rc;ico;cur;bmp;dlg;rc2;rct;bin;rgs;gif;jpg;jpeg;jpe;resx;tiff;tif;png;wav;mfcribbon-ms</Extensions>
    </Filter>
  </ItemGroup>
  <ItemGroup>
    <ClCompile Include="main.cpp">
      <Filter>Source Files</Filter>
    </ClCompile>
    <ClCompile Include="StrataDMA\DMA.cpp">
      <Filter>Source Files</Filter>
    </ClCompile>
    <ClCompile Include="StrataDMA\DMA.Advanced.cpp">
      <Filter>Source Files</Filter>
    </ClCompile>
    <ClCompile Include="StrataDMA\DMA.Backend.cpp">
      <Filter>Source Files</Filter>
    </ClCompile>
    <ClCompile Include="StrataDMA\DMA.Backend.Interface.cpp">
      <Filter>Source Files</Filter>
    </ClCompile>
    <ClCompile Include="StrataDMA\DMA.Context.cpp">
      <Filter>Source Files</Filter>
    </ClCompile>
    <ClCompile Include="StrataDMA\DMA.Input.cpp">
      <Filter>Source Files</Filter>
    </ClCompile>
    <ClCompile Include="StrataDMA\DMA.Module.cpp">
      <Filter>Source Files</Filter>
    </ClCompile>
    <ClCompile Include="StrataDMA\DMA.Scanner.cpp">
      <Filter>Source Files</Filter>
    </ClCompile>
    <ClCompile Include="StrataDMA\DMA.System.cpp">
      <Filter>Source Files</Filter>
    </ClCompile>
    <ClCompile Include="StrataDMA\DMA.Types.cpp">
      <Filter>Source Files</Filter>
    </ClCompile>
  </ItemGroup>
  <ItemGroup>
    <ClInclude Include="StrataDMA\DMA.hpp">
      <Filter>Header Files</Filter>
    </ClInclude>
    <ClInclude Include="StrataDMA\DMA.Backend.hpp">
      <Filter>Header Files</Filter>
    </ClInclude>
    <ClInclude Include="StrataDMA\DMA.Context.hpp">
      <Filter>Header Files</Filter>
    </ClInclude>
    <ClInclude Include="StrataDMA\DMA.Types.hpp">
      <Filter>Header Files</Filter>
    </ClInclude>
    <ClInclude Include="StrataDMA\deps\vmmdll.h">
      <Filter>Header Files</Filter>
    </ClInclude>
    <ClInclude Include="StrataDMA\deps\leechcore.h">
      <Filter>Header Files</Filter>
    </ClInclude>
  </ItemGroup>
  <ItemGroup>
    <Library Include="StrataDMA\libs\leechcore.lib" />
    <Library Include="StrataDMA\libs\vmm.lib" />
  </ItemGroup>
  <ItemGroup>
    <None Include="StrataDMA\deps\info.db">
      <Filter>Resource Files</Filter>
    </None>
  </ItemGroup>
</Project>
